{
  "nodes": {
    "agenix": {
      "inputs": {
        "darwin": [],
        "home-manager": "home-manager",
        "nixpkgs": [
          "nixpkgs"
        ],
        "systems": "systems"
      },
      "locked": {
        "lastModified": 1762618334,
        "narHash": "sha256-wyT7Pl6tMFbFrs8Lk/TlEs81N6L+VSybPfiIgzU8lbQ=",
        "owner": "ryantm",
        "repo": "agenix",
        "rev": "fcdea223397448d35d9b31f798479227e80183f6",
        "type": "github"
      },
      "original": {
        "owner": "ryantm",
        "repo": "agenix",
        "type": "github"
      }
    },
    "aquamarine": {
      "inputs": {
        "hyprutils": [
          "hyprland",
          "hyprutils"
        ],
        "hyprwayland-scanner": [
          "hyprland",
          "hyprwayland-scanner"
        ],
        "nixpkgs": [
          "hyprland",
          "nixpkgs"
        ],
        "systems": [
          "hyprland",
          "systems"
        ]
      },
      "locked": {
        "lastModified": 1767024902,
        "narHash": "sha256-sMdk6QkMDhIOnvULXKUM8WW8iyi551SWw2i6KQHbrrU=",
        "owner": "hyprwm",
        "repo": "aquamarine",
        "rev": "b8a0c5ba5a9fbd2c660be7dd98bdde0ff3798556",
        "type": "github"
      },
      "original": {
        "owner": "hyprwm",
        "repo": "aquamarine",
        "type": "github"
      }
    },
    "ax-shell": {
      "inputs": {
        "fabric-cli": "fabric-cli",
        "fabric-gtk": "fabric-gtk",
        "flake-utils": "flake-utils_2",
        "gray": "gray",
        "nixpkgs": [
          "nixpkgs"
        ]
      },
      "locked": {
        "lastModified": 1759936366,
        "narHash": "sha256-EJUqHX3w+AJBRfvuKY7832GeHnursl7gsB6nhojT6cs=",
        "owner": "poogas",
        "repo": "Ax-Shell",
        "rev": "5610a831c36493036a1a10fcb9547d8cda204005",
        "type": "github"
      },
      "original": {
        "owner": "poogas",
        "repo": "Ax-Shell",
        "type": "github"
      }
    },
    "fabric-cli": {
      "inputs": {
        "flake-utils": "flake-utils",
        "nixpkgs": [
          "ax-shell",
          "nixpkgs"
        ]
      },
      "locked": {
        "lastModified": 1755015251,
        "narHash": "sha256-IzZddtkHU3nC1JpFvegRDsW4/OcXK651v3i75+rOp8U=",
        "owner": "poogas",
        "repo": "fabric-cli",
        "rev": "8df2f7fdee622414ee03986cd0d7021db2d25754",
        "type": "github"
      },
      "original": {
        "owner": "poogas",
        "repo": "fabric-cli",
        "type": "github"
      }
    },
    "fabric-gtk": {
      "inputs": {
        "nixpkgs": [
          "ax-shell",
          "nixpkgs"
        ],
        "utils": "utils"
      },
      "locked": {
        "lastModified": 1755869770,
        "narHash": "sha256-3D9r87jmo6T0kSIokMrmramMfZerzFX/q3/qSXOWqKg=",
        "owner": "poogas",
        "repo": "fabric",
        "rev": "5a46820c525dec53f0c07e634d734f58bd585302",
        "type": "github"
      },
      "original": {
        "owner": "poogas",
        "repo": "fabric",
        "type": "github"
      }
    },
    "flake-compat": {
      "flake": false,
      "locked": {
        "lastModified": 1767039857,
        "narHash": "sha256-vNpUSpF5Nuw8xvDLj2KCwwksIbjua2LZCqhV1LNRDns=",
        "owner": "NixOS",
        "repo": "flake-compat",
        "rev": "5edf11c44bc78a0d334f6334cdaf7d60d732daab",
        "type": "github"
      },
      "original": {
        "owner": "NixOS",
        "repo": "flake-compat",
        "type": "github"
      }
    },
    "flake-parts": {
      "inputs": {
        "nixpkgs-lib": "nixpkgs-lib"
      },
      "locked": {
        "lastModified": 1749398372,
        "narHash": "sha256-tYBdgS56eXYaWVW3fsnPQ/nFlgWi/Z2Ymhyu21zVM98=",
        "owner": "hercules-ci",
        "repo": "flake-parts",
        "rev": "9305fe4e5c2a6fcf5ba6a3ff155720fbe4076569",
        "type": "github"
      },
      "original": {
        "owner": "hercules-ci",
        "repo": "flake-parts",
        "type": "github"
      }
    },
    "flake-utils": {
      "inputs": {
        "systems": "systems_2"
      },
      "locked": {
        "lastModified": 1731533236,
        "narHash": "sha256-l0KFg5HjrsfsO/JpG+r7fRrqm12kzFHyUHqHCVpMMbI=",
        "owner": "numtide",
        "repo": "flake-utils",
        "rev": "11707dc2f618dd54ca8739b309ec4fc024de578b",
        "type": "github"
      },
      "original": {
        "owner": "numtide",
        "repo": "flake-utils",
        "type": "github"
      }
    },
    "flake-utils_2": {
      "inputs": {
        "systems": "systems_4"
      },
      "locked": {
        "lastModified": 1731533236,
        "narHash": "sha256-l0KFg5HjrsfsO/JpG+r7fRrqm12kzFHyUHqHCVpMMbI=",
        "owner": "numtide",
        "repo": "flake-utils",
        "rev": "11707dc2f618dd54ca8739b309ec4fc024de578b",
        "type": "github"
      },
      "original": {
        "owner": "numtide",
        "repo": "flake-utils",
        "type": "github"
      }
    },
    "flake-utils_3": {
      "inputs": {
        "systems": "systems_6"
      },
      "locked": {
        "lastModified": 1731533236,
        "narHash": "sha256-l0KFg5HjrsfsO/JpG+r7fRrqm12kzFHyUHqHCVpMMbI=",
        "owner": "numtide",
        "repo": "flake-utils",
        "rev": "11707dc2f618dd54ca8739b309ec4fc024de578b",
        "type": "github"
      },
      "original": {
        "owner": "numtide",
        "repo": "flake-utils",
        "type": "github"
      }
    },
    "gitignore": {
      "inputs": {
        "nixpkgs": [
          "hyprland",
          "pre-commit-hooks",
          "nixpkgs"
        ]
      },
      "locked": {
        "lastModified": 1709087332,
        "narHash": "sha256-HG2cCnktfHsKV0s4XW83gU3F57gaTljL9KNSuG6bnQs=",
        "owner": "hercules-ci",
        "repo": "gitignore.nix",
        "rev": "637db329424fd7e46cf4185293b9cc8c88c95394",
        "type": "github"
      },
      "original": {
        "owner": "hercules-ci",
        "repo": "gitignore.nix",
        "type": "github"
      }
    },
    "gray": {
      "inputs": {
        "nixpkgs": [
          "ax-shell",
          "nixpkgs"
        ]
      },
      "locked": {
        "lastModified": 1734026029,
        "narHash": "sha256-s9v9fkp+XrKqY81Z7ezxMikwcL4HHS3KvEwrrudJutw=",
        "owner": "Fabric-Development",
        "repo": "gray",
        "rev": "d5a8452c39b074ef6da25be95305a22203cf230e",
        "type": "github"
      },
      "original": {
        "owner": "Fabric-Development",
        "repo": "gray",
        "type": "github"
      }
    },
    "home-manager": {
      "inputs": {
        "nixpkgs": [
          "agenix",
          "nixpkgs"
        ]
      },
      "locked": {
        "lastModified": 1745494811,
        "narHash": "sha256-YZCh2o9Ua1n9uCvrvi5pRxtuVNml8X2a03qIFfRKpFs=",
        "owner": "nix-community",
        "repo": "home-manager",
        "rev": "abfad3d2958c9e6300a883bd443512c55dfeb1be",
        "type": "github"
      },
      "original": {
        "owner": "nix-community",
        "repo": "home-manager",
        "type": "github"
      }
    },
    "home-manager_2": {
      "inputs": {
        "nixpkgs": [
          "nixpkgs"
        ]
      },
      "locked": {
        "lastModified": 1767688629,
        "narHash": "sha256-kX1BVq5zoowePHssEjmpc6FNT3vVZNZaCXd7mfvCsxg=",
        "owner": "nix-community",
        "repo": "home-manager",
        "rev": "bfaba198af72338b8dbda59887859d7a30c6643c",
        "type": "github"
      },
      "original": {
        "owner": "nix-community",
        "repo": "home-manager",
        "type": "github"
      }
    },
    "hyprcursor": {
      "inputs": {
        "hyprlang": [
          "hyprland",
          "hyprlang"
        ],
        "nixpkgs": [
          "hyprland",
          "nixpkgs"
        ],
        "systems": [
          "hyprland",
          "systems"
        ]
      },
      "locked": {
        "lastModified": 1753964049,
        "narHash": "sha256-lIqabfBY7z/OANxHoPeIrDJrFyYy9jAM4GQLzZ2feCM=",
        "owner": "hyprwm",
        "repo": "hyprcursor",
        "rev": "44e91d467bdad8dcf8bbd2ac7cf49972540980a5",
        "type": "github"
      },
      "original": {
        "owner": "hyprwm",
        "repo": "hyprcursor",
        "type": "github"
      }
    },
    "hyprgraphics": {
      "inputs": {
        "hyprutils": [
          "hyprland",
          "hyprutils"
        ],
        "nixpkgs": [
          "hyprland",
          "nixpkgs"
        ],
        "systems": [
          "hyprland",
          "systems"
        ]
      },
      "locked": {
        "lastModified": 1766946335,
        "narHash": "sha256-MRD+Jr2bY11MzNDfenENhiK6pvN+nHygxdHoHbZ1HtE=",
        "owner": "hyprwm",
        "repo": "hyprgraphics",
        "rev": "4af02a3925b454deb1c36603843da528b67ded6c",
        "type": "github"
      },
      "original": {
        "owner": "hyprwm",
        "repo": "hyprgraphics",
        "type": "github"
      }
    },
    "hyprland": {
      "inputs": {
        "aquamarine": "aquamarine",
        "hyprcursor": "hyprcursor",
        "hyprgraphics": "hyprgraphics",
        "hyprland-guiutils": "hyprland-guiutils",
        "hyprland-protocols": "hyprland-protocols",
        "hyprlang": "hyprlang",
        "hyprutils": "hyprutils",
        "hyprwayland-scanner": "hyprwayland-scanner",
        "hyprwire": "hyprwire",
        "nixpkgs": [
          "nixpkgs"
        ],
        "pre-commit-hooks": "pre-commit-hooks",
        "systems": "systems_5",
        "xdph": "xdph"
      },
      "locked": {
        "lastModified": 1767706705,
        "narHash": "sha256-dhZmvfNxhLUg/6wFXhc5hXvbemoI0E5S0Gnbu6vc4yY=",
        "owner": "hyprwm",
        "repo": "Hyprland",
        "rev": "f1652b295130fd241bd3a6505908d6db562fdcf1",
        "type": "github"
      },
      "original": {
        "owner": "hyprwm",
        "repo": "Hyprland",
        "type": "github"
      }
    },
    "hyprland-guiutils": {
      "inputs": {
        "aquamarine": [
          "hyprland",
          "aquamarine"
        ],
        "hyprgraphics": [
          "hyprland",
          "hyprgraphics"
        ],
        "hyprlang": [
          "hyprland",
          "hyprlang"
        ],
        "hyprtoolkit": "hyprtoolkit",
        "hyprutils": [
          "hyprland",
          "hyprutils"
        ],
        "hyprwayland-scanner": [
          "hyprland",
          "hyprwayland-scanner"
        ],
        "nixpkgs": [
          "hyprland",
          "nixpkgs"
        ],
        "systems": [
          "hyprland",
          "systems"
        ]
      },
      "locked": {
        "lastModified": 1767023960,
        "narHash": "sha256-R2HgtVS1G3KSIKAQ77aOZ+Q0HituOmPgXW9nBNkpp3Q=",
        "owner": "hyprwm",
        "repo": "hyprland-guiutils",
        "rev": "c2e906261142f5dd1ee0bfc44abba23e2754c660",
        "type": "github"
      },
      "original": {
        "owner": "hyprwm",
        "repo": "hyprland-guiutils",
        "type": "github"
      }
    },
    "hyprland-protocols": {
      "inputs": {
        "nixpkgs": [
          "hyprland",
          "nixpkgs"
        ],
        "systems": [
          "hyprland",
          "systems"
        ]
      },
      "locked": {
        "lastModified": 1765214753,
        "narHash": "sha256-P9zdGXOzToJJgu5sVjv7oeOGPIIwrd9hAUAP3PsmBBs=",
        "owner": "hyprwm",
        "repo": "hyprland-protocols",
        "rev": "3f3860b869014c00e8b9e0528c7b4ddc335c21ab",
        "type": "github"
      },
      "original": {
        "owner": "hyprwm",
        "repo": "hyprland-protocols",
        "type": "github"
      }
    },
    "hyprlang": {
      "inputs": {
        "hyprutils": [
          "hyprland",
          "hyprutils"
        ],
        "nixpkgs": [
          "hyprland",
          "nixpkgs"
        ],
        "systems": [
          "hyprland",
          "systems"
        ]
      },
      "locked": {
        "lastModified": 1764612430,
        "narHash": "sha256-54ltTSbI6W+qYGMchAgCR6QnC1kOdKXN6X6pJhOWxFg=",
        "owner": "hyprwm",
        "repo": "hyprlang",
        "rev": "0d00dc118981531aa731150b6ea551ef037acddd",
        "type": "github"
      },
      "original": {
        "owner": "hyprwm",
        "repo": "hyprlang",
        "type": "github"
      }
    },
    "hyprtoolkit": {
      "inputs": {
        "aquamarine": [
          "hyprland",
          "hyprland-guiutils",
          "aquamarine"
        ],
        "hyprgraphics": [
          "hyprland",
          "hyprland-guiutils",
          "hyprgraphics"
        ],
        "hyprlang": [
          "hyprland",
          "hyprland-guiutils",
          "hyprlang"
        ],
        "hyprutils": [
          "hyprland",
          "hyprland-guiutils",
          "hyprutils"
        ],
        "hyprwayland-scanner": [
          "hyprland",
          "hyprland-guiutils",
          "hyprwayland-scanner"
        ],
        "nixpkgs": [
          "hyprland",
          "hyprland-guiutils",
          "nixpkgs"
        ],
        "systems": [
          "hyprland",
          "hyprland-guiutils",
          "systems"
        ]
      },
      "locked": {
        "lastModified": 1764592794,
        "narHash": "sha256-7CcO+wbTJ1L1NBQHierHzheQGPWwkIQug/w+fhTAVuU=",
        "owner": "hyprwm",
        "repo": "hyprtoolkit",
        "rev": "5cfe0743f0e608e1462972303778d8a0859ee63e",
        "type": "github"
      },
      "original": {
        "owner": "hyprwm",
        "repo": "hyprtoolkit",
        "type": "github"
      }
    },
    "hyprutils": {
      "inputs": {
        "nixpkgs": [
          "hyprland",
          "nixpkgs"
        ],
        "systems": [
          "hyprland",
          "systems"
        ]
      },
      "locked": {
        "lastModified": 1766253372,
        "narHash": "sha256-1+p4Kw8HdtMoFSmJtfdwjxM4bPxDK9yg27SlvUMpzWA=",
        "owner": "hyprwm",
        "repo": "hyprutils",
        "rev": "51a4f93ce8572e7b12b7284eb9e6e8ebf16b4be9",
        "type": "github"
      },
      "original": {
        "owner": "hyprwm",
        "repo": "hyprutils",
        "type": "github"
      }
    },
    "hyprwayland-scanner": {
      "inputs": {
        "nixpkgs": [
          "hyprland",
          "nixpkgs"
        ],
        "systems": [
          "hyprland",
          "systems"
        ]
      },
      "locked": {
        "lastModified": 1763640274,
        "narHash": "sha256-Uan1Nl9i4TF/kyFoHnTq1bd/rsWh4GAK/9/jDqLbY5A=",
        "owner": "hyprwm",
        "repo": "hyprwayland-scanner",
        "rev": "f6cf414ca0e16a4d30198fd670ec86df3c89f671",
        "type": "github"
      },
      "original": {
        "owner": "hyprwm",
        "repo": "hyprwayland-scanner",
        "type": "github"
      }
    },
    "hyprwire": {
      "inputs": {
        "hyprutils": [
          "hyprland",
          "hyprutils"
        ],
        "nixpkgs": [
          "hyprland",
          "nixpkgs"
        ],
        "systems": [
          "hyprland",
          "systems"
        ]
      },
      "locked": {
        "lastModified": 1767473322,
        "narHash": "sha256-RGOeG+wQHeJ6BKcsSB8r0ZU77g9mDvoQzoTKj2dFHwA=",
        "owner": "hyprwm",
        "repo": "hyprwire",
        "rev": "d5e7d6b49fe780353c1cf9a1cf39fa8970bd9d11",
        "type": "github"
      },
      "original": {
        "owner": "hyprwm",
        "repo": "hyprwire",
        "type": "github"
      }
    },
    "mango": {
      "inputs": {
        "flake-parts": "flake-parts",
        "nixpkgs": [
          "nixpkgs"
        ],
        "scenefx": "scenefx"
      },
      "locked": {
        "lastModified": 1767622364,
        "narHash": "sha256-e+Q/ybTo6c3abKi3c6doty4rlVbsw6/+fLkZt6zliXo=",
        "owner": "DreamMaoMao",
        "repo": "mango",
        "rev": "5a714b756278896d74aae892a58ed740b4c2d27b",
        "type": "github"
      },
      "original": {
        "owner": "DreamMaoMao",
        "repo": "mango",
        "type": "github"
      }
    },
    "nix-flatpak": {
      "locked": {
        "lastModified": 1768656715,
        "narHash": "sha256-Sbh037scxKFm7xL0ahgSCw+X2/5ZKeOwI2clqrYr9j4=",
        "owner": "gmodena",
        "repo": "nix-flatpak",
        "rev": "123fe29340a5b8671367055b75a6e7c320d6f89a",
        "type": "github"
      },
      "original": {
        "owner": "gmodena",
        "repo": "nix-flatpak",
        "type": "github"
      }
    },
    "nix4nvchad": {
      "inputs": {
        "flake-utils": "flake-utils_3",
        "nixpkgs": [
          "nixpkgs"
        ],
        "nvchad-starter": [
          "nvim-dots"
        ]
      },
      "locked": {
        "lastModified": 1767410702,
        "narHash": "sha256-LATx2i+d9pURHWM2ODbZio844LxHmM1Cb+lhsrRPeyU=",
        "owner": "nix-community",
        "repo": "nix4nvchad",
        "rev": "0176781605617752a4aee58597f3b268089b68f7",
        "type": "github"
      },
      "original": {
        "owner": "nix-community",
        "repo": "nix4nvchad",
        "type": "github"
      }
    },
    "nixpkgs": {
      "locked": {
        "lastModified": 1767379071,
        "narHash": "sha256-EgE0pxsrW9jp9YFMkHL9JMXxcqi/OoumPJYwf+Okucw=",
        "owner": "nixos",
        "repo": "nixpkgs",
        "rev": "fb7944c166a3b630f177938e478f0378e64ce108",
        "type": "github"
      },
      "original": {
        "owner": "nixos",
        "ref": "nixos-unstable",
        "repo": "nixpkgs",
        "type": "github"
      }
    },
    "nixpkgs-lib": {
      "locked": {
        "lastModified": 1748740939,
        "narHash": "sha256-rQaysilft1aVMwF14xIdGS3sj1yHlI6oKQNBRTF40cc=",
        "owner": "nix-community",
        "repo": "nixpkgs.lib",
        "rev": "656a64127e9d791a334452c6b6606d17539476e2",
        "type": "github"
      },
      "original": {
        "owner": "nix-community",
        "repo": "nixpkgs.lib",
        "type": "github"
      }
    },
    "nvim-dots": {
      "flake": false,
      "locked": {
        "lastModified": 1763954934,
        "narHash": "sha256-2gIl+3kKZHqnPVGPKDPrSc7Ea+HTibAsTkGa6ilddY0=",
        "owner": "demiurg39",
        "repo": "nvchad",
        "rev": "f505c1959abedd9bb46aa60251fe1b6c0ac15919",
        "type": "github"
      },
      "original": {
        "owner": "demiurg39",
        "repo": "nvchad",
        "type": "github"
      }
    },
    "pre-commit-hooks": {
      "inputs": {
        "flake-compat": "flake-compat",
        "gitignore": "gitignore",
        "nixpkgs": [
          "hyprland",
          "nixpkgs"
        ]
      },
      "locked": {
        "lastModified": 1767281941,
        "narHash": "sha256-6MkqajPICgugsuZ92OMoQcgSHnD6sJHwk8AxvMcIgTE=",
        "owner": "cachix",
        "repo": "git-hooks.nix",
        "rev": "f0927703b7b1c8d97511c4116eb9b4ec6645a0fa",
        "type": "github"
      },
      "original": {
        "owner": "cachix",
        "repo": "git-hooks.nix",
        "type": "github"
      }
    },
    "quickshell": {
      "inputs": {
        "nixpkgs": [
          "nixpkgs"
        ]
      },
      "locked": {
        "lastModified": 1766725085,
        "narHash": "sha256-O2aMFdDUYJazFrlwL7aSIHbUSEm3ADVZjmf41uBJfHs=",
        "ref": "refs/heads/master",
        "rev": "41828c4180fb921df7992a5405f5ff05d2ac2fff",
        "revCount": 715,
        "type": "git",
        "url": "https://git.outfoxxed.me/outfoxxed/quickshell"
      },
      "original": {
        "type": "git",
        "url": "https://git.outfoxxed.me/outfoxxed/quickshell"
      }
    },
    "root": {
      "inputs": {
        "agenix": "agenix",
        "ax-shell": "ax-shell",
        "home-manager": "home-manager_2",
        "hyprland": "hyprland",
        "mango": "mango",
        "nix-flatpak": "nix-flatpak",
        "nix4nvchad": "nix4nvchad",
        "nixpkgs": "nixpkgs",
        "nvim-dots": "nvim-dots",
        "quickshell": "quickshell",
        "spicetify-nix": "spicetify-nix",
        "systems": "systems_7"
      }
    },
    "scenefx": {
      "inputs": {
        "nixpkgs": [
          "mango",
          "nixpkgs"
        ]
      },
      "locked": {
        "lastModified": 1750785057,
        "narHash": "sha256-tGX6j4W91rcb+glXJo43sjPI9zQvPotonknG1BdihR4=",
        "owner": "wlrfx",
        "repo": "scenefx",
        "rev": "3a6cfb12e4ba97b43326357d14f7b3e40897adfc",
        "type": "github"
      },
      "original": {
        "owner": "wlrfx",
        "repo": "scenefx",
        "type": "github"
      }
    },
    "spicetify-nix": {
      "inputs": {
        "nixpkgs": [
          "nixpkgs"
        ],
        "systems": [
          "systems"
        ]
      },
      "locked": {
        "lastModified": 1767502559,
        "narHash": "sha256-om0IPjW850vhhIrNZ5tiXjsYuqyoI44IdE+I9AwZ96I=",
        "owner": "Gerg-L",
        "repo": "spicetify-nix",
        "rev": "806c1fdeb7af3e013215d14f5d9f06685fa6650f",
        "type": "github"
      },
      "original": {
        "owner": "Gerg-L",
        "repo": "spicetify-nix",
        "type": "github"
      }
    },
    "systems": {
      "locked": {
        "lastModified": 1681028828,
        "narHash": "sha256-Vy1rq5AaRuLzOxct8nz4T6wlgyUR7zLU309k9mBC768=",
        "owner": "nix-systems",
        "repo": "default",
        "rev": "da67096a3b9bf56a91d16901293e51ba5b49a27e",
        "type": "github"
      },
      "original": {
        "owner": "nix-systems",
        "repo": "default",
        "type": "github"
      }
    },
    "systems_2": {
      "locked": {
        "lastModified": 1681028828,
        "narHash": "sha256-Vy1rq5AaRuLzOxct8nz4T6wlgyUR7zLU309k9mBC768=",
        "owner": "nix-systems",
        "repo": "default",
        "rev": "da67096a3b9bf56a91d16901293e51ba5b49a27e",
        "type": "github"
      },
      "original": {
        "owner": "nix-systems",
        "repo": "default",
        "type": "github"
      }
    },
    "systems_3": {
      "locked": {
        "lastModified": 1681028828,
        "narHash": "sha256-Vy1rq5AaRuLzOxct8nz4T6wlgyUR7zLU309k9mBC768=",
        "owner": "nix-systems",
        "repo": "default",
        "rev": "da67096a3b9bf56a91d16901293e51ba5b49a27e",
        "type": "github"
      },
      "original": {
        "owner": "nix-systems",
        "repo": "default",
        "type": "github"
      }
    },
    "systems_4": {
      "locked": {
        "lastModified": 1681028828,
        "narHash": "sha256-Vy1rq5AaRuLzOxct8nz4T6wlgyUR7zLU309k9mBC768=",
        "owner": "nix-systems",
        "repo": "default",
        "rev": "da67096a3b9bf56a91d16901293e51ba5b49a27e",
        "type": "github"
      },
      "original": {
        "owner": "nix-systems",
        "repo": "default",
        "type": "github"
      }
    },
    "systems_5": {
      "locked": {
        "lastModified": 1689347949,
        "narHash": "sha256-12tWmuL2zgBgZkdoB6qXZsgJEH9LR3oUgpaQq2RbI80=",
        "owner": "nix-systems",
        "repo": "default-linux",
        "rev": "31732fcf5e8fea42e59c2488ad31a0e651500f68",
        "type": "github"
      },
      "original": {
        "owner": "nix-systems",
        "repo": "default-linux",
        "type": "github"
      }
    },
    "systems_6": {
      "locked": {
        "lastModified": 1681028828,
        "narHash": "sha256-Vy1rq5AaRuLzOxct8nz4T6wlgyUR7zLU309k9mBC768=",
        "owner": "nix-systems",
        "repo": "default",
        "rev": "da67096a3b9bf56a91d16901293e51ba5b49a27e",
        "type": "github"
      },
      "original": {
        "owner": "nix-systems",
        "repo": "default",
        "type": "github"
      }
    },
    "systems_7": {
      "locked": {
        "lastModified": 1681028828,
        "narHash": "sha256-Vy1rq5AaRuLzOxct8nz4T6wlgyUR7zLU309k9mBC768=",
        "owner": "nix-systems",
        "repo": "default",
        "rev": "da67096a3b9bf56a91d16901293e51ba5b49a27e",
        "type": "github"
      },
      "original": {
        "owner": "nix-systems",
        "repo": "default",
        "type": "github"
      }
    },
    "utils": {
      "inputs": {
        "systems": "systems_3"
      },
      "locked": {
        "lastModified": 1731533236,
        "narHash": "sha256-l0KFg5HjrsfsO/JpG+r7fRrqm12kzFHyUHqHCVpMMbI=",
        "owner": "numtide",
        "repo": "flake-utils",
        "rev": "11707dc2f618dd54ca8739b309ec4fc024de578b",
        "type": "github"
      },
      "original": {
        "owner": "numtide",
        "repo": "flake-utils",
        "type": "github"
      }
    },
    "xdph": {
      "inputs": {
        "hyprland-protocols": [
          "hyprland",
          "hyprland-protocols"
        ],
        "hyprlang": [
          "hyprland",
          "hyprlang"
        ],
        "hyprutils": [
          "hyprland",
          "hyprutils"
        ],
        "hyprwayland-scanner": [
          "hyprland",
          "hyprwayland-scanner"
        ],
        "nixpkgs": [
          "hyprland",
          "nixpkgs"
        ],
        "systems": [
          "hyprland",
          "systems"
        ]
      },
      "locked": {
        "lastModified": 1761431178,
        "narHash": "sha256-xzjC1CV3+wpUQKNF+GnadnkeGUCJX+vgaWIZsnz9tzI=",
        "owner": "hyprwm",
        "repo": "xdg-desktop-portal-hyprland",
        "rev": "4b8801228ff958d028f588f0c2b911dbf32297f9",
        "type": "github"
      },
      "original": {
        "owner": "hyprwm",
        "repo": "xdg-desktop-portal-hyprland",
        "type": "github"
      }
    }
  },
  "root": "root",
  "version": 7
}
